<?xml version="1.0" encoding="utf-8"?>
<Project ToolsVersion="17.0" xmlns="http://schemas.microsoft.com/developer/msbuild/2003">
  <ItemGroup>
    <CustomBuild Include="F:\fluid\CMakeFiles\4216e94fff4d792319a5129f67b6aabe\INSTALL_force.rule">
      <Filter>CMake Rules</Filter>
    </CustomBuild>
  </ItemGroup>
  <ItemGroup>
    <Filter Include="CMake Rules">
      <UniqueIdentifier>{91E1EA1E-CBEB-3D6A-94B8-BF243BCEA0B3}</UniqueIdentifier>
    </Filter>
  </ItemGroup>
</Project>
